
Microsoft Visual Studio Solution File, Format Version 12.00
# Visual Studio Version 17
VisualStudioVersion = 17.4.33213.308
MinimumVisualStudioVersion = 10.0.40219.1
Project("{FAE04EC0-301F-11D3-BF4B-00C04F79EFBC}") = "HOmeTask10", "HOmeTask10\HOmeTask10.csproj", "{CDD8AA7A-B01A-4E2B-94DF-7BC899C487CF}"
EndProject
Global
	GlobalSection(SolutionConfigurationPlatforms) = preSolution
		Debug|Any CPU = Debug|Any CPU
		Release|Any CPU = Release|Any CPU
	EndGlobalSection
	GlobalSection(ProjectConfigurationPlatforms) = postSolution
		{CDD8AA7A-B01A-4E2B-94DF-7BC899C487CF}.Debug|Any CPU.ActiveCfg = Debug|Any CPU
		{CDD8AA7A-B01A-4E2B-94DF-7BC899C487CF}.Debug|Any CPU.Build.0 = Debug|Any CPU
		{CDD8AA7A-B01A-4E2B-94DF-7BC899C487CF}.Release|Any CPU.ActiveCfg = Release|Any CPU
		{CDD8AA7A-B01A-4E2B-94DF-7BC899C487CF}.Release|Any CPU.Build.0 = Release|Any CPU
	EndGlobalSection
	GlobalSection(SolutionProperties) = preSolution
		HideSolutionNode = FALSE
	EndGlobalSection
	GlobalSection(ExtensibilityGlobals) = postSolution
		SolutionGuid = {0BAC9046-32A6-44EF-9903-972400C7159B}
	EndGlobalSection
EndGlobal
